# THIS IS AN AUTOGENERATED FILE. DO NOT EDIT THIS FILE DIRECTLY.
# yarn lockfile v1


xiaohuoni@^0.0.0:
  version "0.0.0"
  resolved "https://registry.yarnpkg.com/xiaohuoni/-/xiaohuoni-0.0.0.tgz#f90986620c16ed5abc32a3280dd701b95e1804aa"
  integrity sha512-Q0yqX+aHpt9b8YvDFHHXJMKpgw+WYfmTfg9rnGYaP1t/6h+3QgOqAsXq63yQ68enNCQZrdYDS5stuvXs4vhVaQ==
